
Microsoft Visual Studio Solution File, Format Version 12.00
# Visual Studio Version 17
VisualStudioVersion = 17.0.31903.59
MinimumVisualStudioVersion = 10.0.40219.1
Project("{FAE04EC0-301F-11D3-BF4B-00C04F79EFBC}") = "Server", "Server\Server.csproj", "{8F36D097-FE96-4514-8205-E224D307BE29}"
EndProject
Project("{FAE04EC0-301F-11D3-BF4B-00C04F79EFBC}") = "Client", "Client\Client.csproj", "{DB1AF94C-5F50-43D9-9424-231531603BCF}"
EndProject
Global
	GlobalSection(SolutionConfigurationPlatforms) = preSolution
		Debug|Any CPU = Debug|Any CPU
		Release|Any CPU = Release|Any CPU
	EndGlobalSection
	GlobalSection(SolutionProperties) = preSolution
		HideSolutionNode = FALSE
	EndGlobalSection
	GlobalSection(ProjectConfigurationPlatforms) = postSolution
		{8F36D097-FE96-4514-8205-E224D307BE29}.Debug|Any CPU.ActiveCfg = Debug|Any CPU
		{8F36D097-FE96-4514-8205-E224D307BE29}.Debug|Any CPU.Build.0 = Debug|Any CPU
		{8F36D097-FE96-4514-8205-E224D307BE29}.Release|Any CPU.ActiveCfg = Release|Any CPU
		{8F36D097-FE96-4514-8205-E224D307BE29}.Release|Any CPU.Build.0 = Release|Any CPU
		{DB1AF94C-5F50-43D9-9424-231531603BCF}.Debug|Any CPU.ActiveCfg = Debug|Any CPU
		{DB1AF94C-5F50-43D9-9424-231531603BCF}.Debug|Any CPU.Build.0 = Debug|Any CPU
		{DB1AF94C-5F50-43D9-9424-231531603BCF}.Release|Any CPU.ActiveCfg = Release|Any CPU
		{DB1AF94C-5F50-43D9-9424-231531603BCF}.Release|Any CPU.Build.0 = Release|Any CPU
	EndGlobalSection
EndGlobal
